// !$*UTF8*$!
{
	archiveVersion = 1;
	classes = {
	};
	objectVersion = 56;
	objects = {

/* Begin PBXBuildFile section */
		7CD423802A8B78DD008E2DA7 /* Roboto-Black.ttf in Resources */ = {isa = PBXBuildFile; fileRef = 7CD4237F2A8B78DD008E2DA7 /* Roboto-Black.ttf */; };
		7CD4238C2A8B78F3008E2DA7 /* Roboto-Light.ttf in Resources */ = {isa = PBXBuildFile; fileRef = 7CD423812A8B78F3008E2DA7 /* Roboto-Light.ttf */; };
		7CD4238D2A8B78F3008E2DA7 /* Roboto-BlackItalic.ttf in Resources */ = {isa = PBXBuildFile; fileRef = 7CD423822A8B78F3008E2DA7 /* Roboto-BlackItalic.ttf */; };
		7CD4238E2A8B78F3008E2DA7 /* Roboto-Bold.ttf in Resources */ = {isa = PBXBuildFile; fileRef = 7CD423832A8B78F3008E2DA7 /* Roboto-Bold.ttf */; };
		7CD4238F2A8B78F3008E2DA7 /* Roboto-Italic.ttf in Resources */ = {isa = PBXBuildFile; fileRef = 7CD423842A8B78F3008E2DA7 /* Roboto-Italic.ttf */; };
		7CD423902A8B78F3008E2DA7 /* Roboto-BoldItalic.ttf in Resources */ = {isa = PBXBuildFile; fileRef = 7CD423852A8B78F3008E2DA7 /* Roboto-BoldItalic.ttf */; };
		7CD423912A8B78F3008E2DA7 /* Roboto-Medium.ttf in Resources */ = {isa = PBXBuildFile; fileRef = 7CD423862A8B78F3008E2DA7 /* Roboto-Medium.ttf */; };
		7CD423922A8B78F3008E2DA7 /* Roboto-Thin.ttf in Resources */ = {isa = PBXBuildFile; fileRef = 7CD423872A8B78F3008E2DA7 /* Roboto-Thin.ttf */; };
		7CD423932A8B78F3008E2DA7 /* Roboto-LightItalic.ttf in Resources */ = {isa = PBXBuildFile; fileRef = 7CD423882A8B78F3008E2DA7 /* Roboto-LightItalic.ttf */; };
		7CD423942A8B78F3008E2DA7 /* Roboto-MediumItalic.ttf in Resources */ = {isa = PBXBuildFile; fileRef = 7CD423892A8B78F3008E2DA7 /* Roboto-MediumItalic.ttf */; };
		7CD423952A8B78F3008E2DA7 /* Roboto-Regular.ttf in Resources */ = {isa = PBXBuildFile; fileRef = 7CD4238A2A8B78F3008E2DA7 /* Roboto-Regular.ttf */; };
		7CD423962A8B78F3008E2DA7 /* Roboto-ThinItalic.ttf in Resources */ = {isa = PBXBuildFile; fileRef = 7CD4238B2A8B78F3008E2DA7 /* Roboto-ThinItalic.ttf */; };
		7CD423982A8B84E0008E2DA7 /* PunchlineViewModel.swift in Sources */ = {isa = PBXBuildFile; fileRef = 7CD423972A8B84E0008E2DA7 /* PunchlineViewModel.swift */; };
		7CD4239A2A8B99C0008E2DA7 /* API.swift in Sources */ = {isa = PBXBuildFile; fileRef = 7CD423992A8B99C0008E2DA7 /* API.swift */; };
		840F09692A8A8780009FB929 /* MainView.swift in Sources */ = {isa = PBXBuildFile; fileRef = 840F09672A8A8780009FB929 /* MainView.swift */; };
		840F096A2A8A8780009FB929 /* ViewController.swift in Sources */ = {isa = PBXBuildFile; fileRef = 840F09682A8A8780009FB929 /* ViewController.swift */; };
		84B784A02A8A71AC00F58DD7 /* AppDelegate.swift in Sources */ = {isa = PBXBuildFile; fileRef = 84B7849F2A8A71AC00F58DD7 /* AppDelegate.swift */; };
		84B784A22A8A71AC00F58DD7 /* SceneDelegate.swift in Sources */ = {isa = PBXBuildFile; fileRef = 84B784A12A8A71AC00F58DD7 /* SceneDelegate.swift */; };
		84B784A92A8A71B100F58DD7 /* Assets.xcassets in Resources */ = {isa = PBXBuildFile; fileRef = 84B784A82A8A71B100F58DD7 /* Assets.xcassets */; };
		84B784AC2A8A71B100F58DD7 /* LaunchScreen.storyboard in Resources */ = {isa = PBXBuildFile; fileRef = 84B784AA2A8A71B100F58DD7 /* LaunchScreen.storyboard */; };
		84B784B72A8A760100F58DD7 /* JokeResponseModel.swift in Sources */ = {isa = PBXBuildFile; fileRef = 84B784B62A8A760100F58DD7 /* JokeResponseModel.swift */; };
		84B784BB2A8A773500F58DD7 /* NetworkService.swift in Sources */ = {isa = PBXBuildFile; fileRef = 84B784BA2A8A773500F58DD7 /* NetworkService.swift */; };
/* End PBXBuildFile section */

/* Begin PBXFileReference section */
		7CD4237F2A8B78DD008E2DA7 /* Roboto-Black.ttf */ = {isa = PBXFileReference; lastKnownFileType = file; name = "Roboto-Black.ttf"; path = "../../../../../Desktop/Рабочий стол/Education/Yandex/Практикум/Спринт 4/JokeFigma/Roboto-1/Roboto-Black.ttf"; sourceTree = "<group>"; };
		7CD423812A8B78F3008E2DA7 /* Roboto-Light.ttf */ = {isa = PBXFileReference; lastKnownFileType = file; name = "Roboto-Light.ttf"; path = "../../../../../Desktop/Рабочий стол/Education/Yandex/Практикум/Спринт 4/JokeFigma/Roboto-1/Roboto-Light.ttf"; sourceTree = "<group>"; };
		7CD423822A8B78F3008E2DA7 /* Roboto-BlackItalic.ttf */ = {isa = PBXFileReference; lastKnownFileType = file; name = "Roboto-BlackItalic.ttf"; path = "../../../../../Desktop/Рабочий стол/Education/Yandex/Практикум/Спринт 4/JokeFigma/Roboto-1/Roboto-BlackItalic.ttf"; sourceTree = "<group>"; };
		7CD423832A8B78F3008E2DA7 /* Roboto-Bold.ttf */ = {isa = PBXFileReference; lastKnownFileType = file; name = "Roboto-Bold.ttf"; path = "../../../../../Desktop/Рабочий стол/Education/Yandex/Практикум/Спринт 4/JokeFigma/Roboto-1/Roboto-Bold.ttf"; sourceTree = "<group>"; };
		7CD423842A8B78F3008E2DA7 /* Roboto-Italic.ttf */ = {isa = PBXFileReference; lastKnownFileType = file; name = "Roboto-Italic.ttf"; path = "../../../../../Desktop/Рабочий стол/Education/Yandex/Практикум/Спринт 4/JokeFigma/Roboto-1/Roboto-Italic.ttf"; sourceTree = "<group>"; };
		7CD423852A8B78F3008E2DA7 /* Roboto-BoldItalic.ttf */ = {isa = PBXFileReference; lastKnownFileType = file; name = "Roboto-BoldItalic.ttf"; path = "../../../../../Desktop/Рабочий стол/Education/Yandex/Практикум/Спринт 4/JokeFigma/Roboto-1/Roboto-BoldItalic.ttf"; sourceTree = "<group>"; };
		7CD423862A8B78F3008E2DA7 /* Roboto-Medium.ttf */ = {isa = PBXFileReference; lastKnownFileType = file; name = "Roboto-Medium.ttf"; path = "../../../../../Desktop/Рабочий стол/Education/Yandex/Практикум/Спринт 4/JokeFigma/Roboto-1/Roboto-Medium.ttf"; sourceTree = "<group>"; };
		7CD423872A8B78F3008E2DA7 /* Roboto-Thin.ttf */ = {isa = PBXFileReference; lastKnownFileType = file; name = "Roboto-Thin.ttf"; path = "../../../../../Desktop/Рабочий стол/Education/Yandex/Практикум/Спринт 4/JokeFigma/Roboto-1/Roboto-Thin.ttf"; sourceTree = "<group>"; };
		7CD423882A8B78F3008E2DA7 /* Roboto-LightItalic.ttf */ = {isa = PBXFileReference; lastKnownFileType = file; name = "Roboto-LightItalic.ttf"; path = "../../../../../Desktop/Рабочий стол/Education/Yandex/Практикум/Спринт 4/JokeFigma/Roboto-1/Roboto-LightItalic.ttf"; sourceTree = "<group>"; };
		7CD423892A8B78F3008E2DA7 /* Roboto-MediumItalic.ttf */ = {isa = PBXFileReference; lastKnownFileType = file; name = "Roboto-MediumItalic.ttf"; path = "../../../../../Desktop/Рабочий стол/Education/Yandex/Практикум/Спринт 4/JokeFigma/Roboto-1/Roboto-MediumItalic.ttf"; sourceTree = "<group>"; };
		7CD4238A2A8B78F3008E2DA7 /* Roboto-Regular.ttf */ = {isa = PBXFileReference; lastKnownFileType = file; name = "Roboto-Regular.ttf"; path = "../../../../../Desktop/Рабочий стол/Education/Yandex/Практикум/Спринт 4/JokeFigma/Roboto-1/Roboto-Regular.ttf"; sourceTree = "<group>"; };
		7CD4238B2A8B78F3008E2DA7 /* Roboto-ThinItalic.ttf */ = {isa = PBXFileReference; lastKnownFileType = file; name = "Roboto-ThinItalic.ttf"; path = "../../../../../Desktop/Рабочий стол/Education/Yandex/Практикум/Спринт 4/JokeFigma/Roboto-1/Roboto-ThinItalic.ttf"; sourceTree = "<group>"; };
		7CD423972A8B84E0008E2DA7 /* PunchlineViewModel.swift */ = {isa = PBXFileReference; lastKnownFileType = sourcecode.swift; path = PunchlineViewModel.swift; sourceTree = "<group>"; };
		7CD423992A8B99C0008E2DA7 /* API.swift */ = {isa = PBXFileReference; lastKnownFileType = sourcecode.swift; path = API.swift; sourceTree = "<group>"; };
		840F09672A8A8780009FB929 /* MainView.swift */ = {isa = PBXFileReference; fileEncoding = 4; lastKnownFileType = sourcecode.swift; name = MainView.swift; path = JokeGenerator/View/MainView.swift; sourceTree = SOURCE_ROOT; };
		840F09682A8A8780009FB929 /* ViewController.swift */ = {isa = PBXFileReference; fileEncoding = 4; lastKnownFileType = sourcecode.swift; name = ViewController.swift; path = JokeGenerator/View/ViewController.swift; sourceTree = SOURCE_ROOT; };
		84B7849C2A8A71AC00F58DD7 /* JokeGenerator.app */ = {isa = PBXFileReference; explicitFileType = wrapper.application; includeInIndex = 0; path = JokeGenerator.app; sourceTree = BUILT_PRODUCTS_DIR; };
		84B7849F2A8A71AC00F58DD7 /* AppDelegate.swift */ = {isa = PBXFileReference; lastKnownFileType = sourcecode.swift; path = AppDelegate.swift; sourceTree = "<group>"; };
		84B784A12A8A71AC00F58DD7 /* SceneDelegate.swift */ = {isa = PBXFileReference; lastKnownFileType = sourcecode.swift; path = SceneDelegate.swift; sourceTree = "<group>"; };
		84B784A82A8A71B100F58DD7 /* Assets.xcassets */ = {isa = PBXFileReference; lastKnownFileType = folder.assetcatalog; path = Assets.xcassets; sourceTree = "<group>"; };
		84B784AB2A8A71B100F58DD7 /* Base */ = {isa = PBXFileReference; lastKnownFileType = file.storyboard; name = Base; path = Base.lproj/LaunchScreen.storyboard; sourceTree = "<group>"; };
		84B784AD2A8A71B100F58DD7 /* Info.plist */ = {isa = PBXFileReference; lastKnownFileType = text.plist.xml; path = Info.plist; sourceTree = "<group>"; };
		84B784B62A8A760100F58DD7 /* JokeResponseModel.swift */ = {isa = PBXFileReference; lastKnownFileType = sourcecode.swift; path = JokeResponseModel.swift; sourceTree = "<group>"; };
		84B784BA2A8A773500F58DD7 /* NetworkService.swift */ = {isa = PBXFileReference; lastKnownFileType = sourcecode.swift; path = NetworkService.swift; sourceTree = "<group>"; };
/* End PBXFileReference section */

/* Begin PBXFrameworksBuildPhase section */
		84B784992A8A71AC00F58DD7 /* Frameworks */ = {
			isa = PBXFrameworksBuildPhase;
			buildActionMask = 2147483647;
			files = (
			);
			runOnlyForDeploymentPostprocessing = 0;
		};
/* End PBXFrameworksBuildPhase section */

/* Begin PBXGroup section */
		7CD423722A8B7887008E2DA7 /* Fonts */ = {
			isa = PBXGroup;
			children = (
				7CD423822A8B78F3008E2DA7 /* Roboto-BlackItalic.ttf */,
				7CD423832A8B78F3008E2DA7 /* Roboto-Bold.ttf */,
				7CD423852A8B78F3008E2DA7 /* Roboto-BoldItalic.ttf */,
				7CD423842A8B78F3008E2DA7 /* Roboto-Italic.ttf */,
				7CD423812A8B78F3008E2DA7 /* Roboto-Light.ttf */,
				7CD423882A8B78F3008E2DA7 /* Roboto-LightItalic.ttf */,
				7CD423862A8B78F3008E2DA7 /* Roboto-Medium.ttf */,
				7CD423892A8B78F3008E2DA7 /* Roboto-MediumItalic.ttf */,
				7CD4238A2A8B78F3008E2DA7 /* Roboto-Regular.ttf */,
				7CD423872A8B78F3008E2DA7 /* Roboto-Thin.ttf */,
				7CD4238B2A8B78F3008E2DA7 /* Roboto-ThinItalic.ttf */,
				7CD4237F2A8B78DD008E2DA7 /* Roboto-Black.ttf */,
			);
			path = Fonts;
			sourceTree = "<group>";
		};
		84B784932A8A71AC00F58DD7 = {
			isa = PBXGroup;
			children = (
				84B7849E2A8A71AC00F58DD7 /* JokeGenerator */,
				84B7849D2A8A71AC00F58DD7 /* Products */,
			);
			sourceTree = "<group>";
		};
		84B7849D2A8A71AC00F58DD7 /* Products */ = {
			isa = PBXGroup;
			children = (
				84B7849C2A8A71AC00F58DD7 /* JokeGenerator.app */,
			);
			name = Products;
			sourceTree = "<group>";
		};
		84B7849E2A8A71AC00F58DD7 /* JokeGenerator */ = {
			isa = PBXGroup;
			children = (
				84B784B52A8A75D600F58DD7 /* NetworkService */,
				84B7849F2A8A71AC00F58DD7 /* AppDelegate.swift */,
				84B784A12A8A71AC00F58DD7 /* SceneDelegate.swift */,
				84B784BC2A8A871900F58DD7 /* View */,
				84B784A82A8A71B100F58DD7 /* Assets.xcassets */,
				7CD423722A8B7887008E2DA7 /* Fonts */,
				84B784AA2A8A71B100F58DD7 /* LaunchScreen.storyboard */,
				84B784AD2A8A71B100F58DD7 /* Info.plist */,
			);
			path = JokeGenerator;
			sourceTree = "<group>";
		};
		84B784B52A8A75D600F58DD7 /* NetworkService */ = {
			isa = PBXGroup;
			children = (
				84B784B62A8A760100F58DD7 /* JokeResponseModel.swift */,
				7CD423992A8B99C0008E2DA7 /* API.swift */,
				7CD423972A8B84E0008E2DA7 /* PunchlineViewModel.swift */,
				84B784BA2A8A773500F58DD7 /* NetworkService.swift */,
			);
			path = NetworkService;
			sourceTree = "<group>";
		};
		84B784BC2A8A871900F58DD7 /* View */ = {
			isa = PBXGroup;
			children = (
				840F09672A8A8780009FB929 /* MainView.swift */,
				840F09682A8A8780009FB929 /* ViewController.swift */,
			);
			path = View;
			sourceTree = "<group>";
		};
/* End PBXGroup section */

/* Begin PBXNativeTarget section */
		84B7849B2A8A71AC00F58DD7 /* JokeGenerator */ = {
			isa = PBXNativeTarget;
			buildConfigurationList = 84B784B02A8A71B100F58DD7 /* Build configuration list for PBXNativeTarget "JokeGenerator" */;
			buildPhases = (
				84B784982A8A71AC00F58DD7 /* Sources */,
				84B784992A8A71AC00F58DD7 /* Frameworks */,
				84B7849A2A8A71AC00F58DD7 /* Resources */,
			);
			buildRules = (
			);
			dependencies = (
			);
			name = JokeGenerator;
			productName = JokeGenerator;
			productReference = 84B7849C2A8A71AC00F58DD7 /* JokeGenerator.app */;
			productType = "com.apple.product-type.application";
		};
/* End PBXNativeTarget section */

/* Begin PBXProject section */
		84B784942A8A71AC00F58DD7 /* Project object */ = {
			isa = PBXProject;
			attributes = {
				BuildIndependentTargetsInParallel = 1;
				LastSwiftUpdateCheck = 1430;
				LastUpgradeCheck = 1430;
				TargetAttributes = {
					84B7849B2A8A71AC00F58DD7 = {
						CreatedOnToolsVersion = 14.3;
					};
				};
			};
			buildConfigurationList = 84B784972A8A71AC00F58DD7 /* Build configuration list for PBXProject "JokeGenerator" */;
			compatibilityVersion = "Xcode 14.0";
			developmentRegion = en;
			hasScannedForEncodings = 0;
			knownRegions = (
				en,
				Base,
			);
			mainGroup = 84B784932A8A71AC00F58DD7;
			productRefGroup = 84B7849D2A8A71AC00F58DD7 /* Products */;
			projectDirPath = "";
			projectRoot = "";
			targets = (
				84B7849B2A8A71AC00F58DD7 /* JokeGenerator */,
			);
		};
/* End PBXProject section */

/* Begin PBXResourcesBuildPhase section */
		84B7849A2A8A71AC00F58DD7 /* Resources */ = {
			isa = PBXResourcesBuildPhase;
			buildActionMask = 2147483647;
			files = (
				84B784AC2A8A71B100F58DD7 /* LaunchScreen.storyboard in Resources */,
				7CD423932A8B78F3008E2DA7 /* Roboto-LightItalic.ttf in Resources */,
				84B784A92A8A71B100F58DD7 /* Assets.xcassets in Resources */,
				7CD423902A8B78F3008E2DA7 /* Roboto-BoldItalic.ttf in Resources */,
				7CD423942A8B78F3008E2DA7 /* Roboto-MediumItalic.ttf in Resources */,
				7CD4238E2A8B78F3008E2DA7 /* Roboto-Bold.ttf in Resources */,
				7CD4238D2A8B78F3008E2DA7 /* Roboto-BlackItalic.ttf in Resources */,
				7CD4238F2A8B78F3008E2DA7 /* Roboto-Italic.ttf in Resources */,
				7CD4238C2A8B78F3008E2DA7 /* Roboto-Light.ttf in Resources */,
				7CD423802A8B78DD008E2DA7 /* Roboto-Black.ttf in Resources */,
				7CD423962A8B78F3008E2DA7 /* Roboto-ThinItalic.ttf in Resources */,
				7CD423952A8B78F3008E2DA7 /* Roboto-Regular.ttf in Resources */,
				7CD423922A8B78F3008E2DA7 /* Roboto-Thin.ttf in Resources */,
				7CD423912A8B78F3008E2DA7 /* Roboto-Medium.ttf in Resources */,
			);
			runOnlyForDeploymentPostprocessing = 0;
		};
/* End PBXResourcesBuildPhase section */

/* Begin PBXSourcesBuildPhase section */
		84B784982A8A71AC00F58DD7 /* Sources */ = {
			isa = PBXSourcesBuildPhase;
			buildActionMask = 2147483647;
			files = (
				840F09692A8A8780009FB929 /* MainView.swift in Sources */,
				7CD423982A8B84E0008E2DA7 /* PunchlineViewModel.swift in Sources */,
				84B784B72A8A760100F58DD7 /* JokeResponseModel.swift in Sources */,
				84B784A02A8A71AC00F58DD7 /* AppDelegate.swift in Sources */,
				84B784A22A8A71AC00F58DD7 /* SceneDelegate.swift in Sources */,
				840F096A2A8A8780009FB929 /* ViewController.swift in Sources */,
				7CD4239A2A8B99C0008E2DA7 /* API.swift in Sources */,
				84B784BB2A8A773500F58DD7 /* NetworkService.swift in Sources */,
			);
			runOnlyForDeploymentPostprocessing = 0;
		};
/* End PBXSourcesBuildPhase section */

/* Begin PBXVariantGroup section */
		84B784AA2A8A71B100F58DD7 /* LaunchScreen.storyboard */ = {
			isa = PBXVariantGroup;
			children = (
				84B784AB2A8A71B100F58DD7 /* Base */,
			);
			name = LaunchScreen.storyboard;
			sourceTree = "<group>";
		};
/* End PBXVariantGroup section */

/* Begin XCBuildConfiguration section */
		84B784AE2A8A71B100F58DD7 /* Debug */ = {
			isa = XCBuildConfiguration;
			buildSettings = {
				ALWAYS_SEARCH_USER_PATHS = NO;
				CLANG_ANALYZER_NONNULL = YES;
				CLANG_ANALYZER_NUMBER_OBJECT_CONVERSION = YES_AGGRESSIVE;
				CLANG_CXX_LANGUAGE_STANDARD = "gnu++20";
				CLANG_ENABLE_MODULES = YES;
				CLANG_ENABLE_OBJC_ARC = YES;
				CLANG_ENABLE_OBJC_WEAK = YES;
				CLANG_WARN_BLOCK_CAPTURE_AUTORELEASING = YES;
				CLANG_WARN_BOOL_CONVERSION = YES;
				CLANG_WARN_COMMA = YES;
				CLANG_WARN_CONSTANT_CONVERSION = YES;
				CLANG_WARN_DEPRECATED_OBJC_IMPLEMENTATIONS = YES;
				CLANG_WARN_DIRECT_OBJC_ISA_USAGE = YES_ERROR;
				CLANG_WARN_DOCUMENTATION_COMMENTS = YES;
				CLANG_WARN_EMPTY_BODY = YES;
				CLANG_WARN_ENUM_CONVERSION = YES;
				CLANG_WARN_INFINITE_RECURSION = YES;
				CLANG_WARN_INT_CONVERSION = YES;
				CLANG_WARN_NON_LITERAL_NULL_CONVERSION = YES;
				CLANG_WARN_OBJC_IMPLICIT_RETAIN_SELF = YES;
				CLANG_WARN_OBJC_LITERAL_CONVERSION = YES;
				CLANG_WARN_OBJC_ROOT_CLASS = YES_ERROR;
				CLANG_WARN_QUOTED_INCLUDE_IN_FRAMEWORK_HEADER = YES;
				CLANG_WARN_RANGE_LOOP_ANALYSIS = YES;
				CLANG_WARN_STRICT_PROTOTYPES = YES;
				CLANG_WARN_SUSPICIOUS_MOVE = YES;
				CLANG_WARN_UNGUARDED_AVAILABILITY = YES_AGGRESSIVE;
				CLANG_WARN_UNREACHABLE_CODE = YES;
				CLANG_WARN__DUPLICATE_METHOD_MATCH = YES;
				COPY_PHASE_STRIP = NO;
				DEBUG_INFORMATION_FORMAT = dwarf;
				ENABLE_STRICT_OBJC_MSGSEND = YES;
				ENABLE_TESTABILITY = YES;
				GCC_C_LANGUAGE_STANDARD = gnu11;
				GCC_DYNAMIC_NO_PIC = NO;
				GCC_NO_COMMON_BLOCKS = YES;
				GCC_OPTIMIZATION_LEVEL = 0;
				GCC_PREPROCESSOR_DEFINITIONS = (
					"DEBUG=1",
					"$(inherited)",
				);
				GCC_WARN_64_TO_32_BIT_CONVERSION = YES;
				GCC_WARN_ABOUT_RETURN_TYPE = YES_ERROR;
				GCC_WARN_UNDECLARED_SELECTOR = YES;
				GCC_WARN_UNINITIALIZED_AUTOS = YES_AGGRESSIVE;
				GCC_WARN_UNUSED_FUNCTION = YES;
				GCC_WARN_UNUSED_VARIABLE = YES;
				IPHONEOS_DEPLOYMENT_TARGET = 16.4;
				MTL_ENABLE_DEBUG_INFO = INCLUDE_SOURCE;
				MTL_FAST_MATH = YES;
				ONLY_ACTIVE_ARCH = YES;
				SDKROOT = iphoneos;
				SWIFT_ACTIVE_COMPILATION_CONDITIONS = DEBUG;
				SWIFT_OPTIMIZATION_LEVEL = "-Onone";
			};
			name = Debug;
		};
		84B784AF2A8A71B100F58DD7 /* Release */ = {
			isa = XCBuildConfiguration;
			buildSettings = {
				ALWAYS_SEARCH_USER_PATHS = NO;
				CLANG_ANALYZER_NONNULL = YES;
				CLANG_ANALYZER_NUMBER_OBJECT_CONVERSION = YES_AGGRESSIVE;
				CLANG_CXX_LANGUAGE_STANDARD = "gnu++20";
				CLANG_ENABLE_MODULES = YES;
				CLANG_ENABLE_OBJC_ARC = YES;
				CLANG_ENABLE_OBJC_WEAK = YES;
				CLANG_WARN_BLOCK_CAPTURE_AUTORELEASING = YES;
				CLANG_WARN_BOOL_CONVERSION = YES;
				CLANG_WARN_COMMA = YES;
				CLANG_WARN_CONSTANT_CONVERSION = YES;
				CLANG_WARN_DEPRECATED_OBJC_IMPLEMENTATIONS = YES;
				CLANG_WARN_DIRECT_OBJC_ISA_USAGE = YES_ERROR;
				CLANG_WARN_DOCUMENTATION_COMMENTS = YES;
				CLANG_WARN_EMPTY_BODY = YES;
				CLANG_WARN_ENUM_CONVERSION = YES;
				CLANG_WARN_INFINITE_RECURSION = YES;
				CLANG_WARN_INT_CONVERSION = YES;
				CLANG_WARN_NON_LITERAL_NULL_CONVERSION = YES;
				CLANG_WARN_OBJC_IMPLICIT_RETAIN_SELF = YES;
				CLANG_WARN_OBJC_LITERAL_CONVERSION = YES;
				CLANG_WARN_OBJC_ROOT_CLASS = YES_ERROR;
				CLANG_WARN_QUOTED_INCLUDE_IN_FRAMEWORK_HEADER = YES;
				CLANG_WARN_RANGE_LOOP_ANALYSIS = YES;
				CLANG_WARN_STRICT_PROTOTYPES = YES;
				CLANG_WARN_SUSPICIOUS_MOVE = YES;
				CLANG_WARN_UNGUARDED_AVAILABILITY = YES_AGGRESSIVE;
				CLANG_WARN_UNREACHABLE_CODE = YES;
				CLANG_WARN__DUPLICATE_METHOD_MATCH = YES;
				COPY_PHASE_STRIP = NO;
				DEBUG_INFORMATION_FORMAT = "dwarf-with-dsym";
				ENABLE_NS_ASSERTIONS = NO;
				ENABLE_STRICT_OBJC_MSGSEND = YES;
				GCC_C_LANGUAGE_STANDARD = gnu11;
				GCC_NO_COMMON_BLOCKS = YES;
				GCC_WARN_64_TO_32_BIT_CONVERSION = YES;
				GCC_WARN_ABOUT_RETURN_TYPE = YES_ERROR;
				GCC_WARN_UNDECLARED_SELECTOR = YES;
				GCC_WARN_UNINITIALIZED_AUTOS = YES_AGGRESSIVE;
				GCC_WARN_UNUSED_FUNCTION = YES;
				GCC_WARN_UNUSED_VARIABLE = YES;
				IPHONEOS_DEPLOYMENT_TARGET = 16.4;
				MTL_ENABLE_DEBUG_INFO = NO;
				MTL_FAST_MATH = YES;
				SDKROOT = iphoneos;
				SWIFT_COMPILATION_MODE = wholemodule;
				SWIFT_OPTIMIZATION_LEVEL = "-O";
				VALIDATE_PRODUCT = YES;
			};
			name = Release;
		};
		84B784B12A8A71B100F58DD7 /* Debug */ = {
			isa = XCBuildConfiguration;
			buildSettings = {
				ASSETCATALOG_COMPILER_APPICON_NAME = AppIcon;
				ASSETCATALOG_COMPILER_GLOBAL_ACCENT_COLOR_NAME = AccentColor;
				CODE_SIGN_STYLE = Automatic;
				CURRENT_PROJECT_VERSION = 1;
				DEVELOPMENT_TEAM = 7M9SJB97N4;
				GENERATE_INFOPLIST_FILE = YES;
				INFOPLIST_FILE = JokeGenerator/Info.plist;
				INFOPLIST_KEY_UIApplicationSupportsIndirectInputEvents = YES;
				INFOPLIST_KEY_UILaunchStoryboardName = LaunchScreen.storyboard;
				INFOPLIST_KEY_UISupportedInterfaceOrientations = UIInterfaceOrientationPortrait;
				LD_RUNPATH_SEARCH_PATHS = (
					"$(inherited)",
					"@executable_path/Frameworks",
				);
				MARKETING_VERSION = 1.0;
				PRODUCT_BUNDLE_IDENTIFIER = albert.JokeGenerator;
				PRODUCT_NAME = "$(TARGET_NAME)";
				SWIFT_EMIT_LOC_STRINGS = YES;
				SWIFT_VERSION = 5.0;
				TARGETED_DEVICE_FAMILY = "1,2";
			};
			name = Debug;
		};
		84B784B22A8A71B100F58DD7 /* Release */ = {
			isa = XCBuildConfiguration;
			buildSettings = {
				ASSETCATALOG_COMPILER_APPICON_NAME = AppIcon;
				ASSETCATALOG_COMPILER_GLOBAL_ACCENT_COLOR_NAME = AccentColor;
				CODE_SIGN_STYLE = Automatic;
				CURRENT_PROJECT_VERSION = 1;
				DEVELOPMENT_TEAM = 7M9SJB97N4;
				GENERATE_INFOPLIST_FILE = YES;
				INFOPLIST_FILE = JokeGenerator/Info.plist;
				INFOPLIST_KEY_UIApplicationSupportsIndirectInputEvents = YES;
				INFOPLIST_KEY_UILaunchStoryboardName = LaunchScreen.storyboard;
				INFOPLIST_KEY_UISupportedInterfaceOrientations = UIInterfaceOrientationPortrait;
				LD_RUNPATH_SEARCH_PATHS = (
					"$(inherited)",
					"@executable_path/Frameworks",
				);
				MARKETING_VERSION = 1.0;
				PRODUCT_BUNDLE_IDENTIFIER = albert.JokeGenerator;
				PRODUCT_NAME = "$(TARGET_NAME)";
				SWIFT_EMIT_LOC_STRINGS = YES;
				SWIFT_VERSION = 5.0;
				TARGETED_DEVICE_FAMILY = "1,2";
			};
			name = Release;
		};
/* End XCBuildConfiguration section */

/* Begin XCConfigurationList section */
		84B784972A8A71AC00F58DD7 /* Build configuration list for PBXProject "JokeGenerator" */ = {
			isa = XCConfigurationList;
			buildConfigurations = (
				84B784AE2A8A71B100F58DD7 /* Debug */,
				84B784AF2A8A71B100F58DD7 /* Release */,
			);
			defaultConfigurationIsVisible = 0;
			defaultConfigurationName = Release;
		};
		84B784B02A8A71B100F58DD7 /* Build configuration list for PBXNativeTarget "JokeGenerator" */ = {
			isa = XCConfigurationList;
			buildConfigurations = (
				84B784B12A8A71B100F58DD7 /* Debug */,
				84B784B22A8A71B100F58DD7 /* Release */,
			);
			defaultConfigurationIsVisible = 0;
			defaultConfigurationName = Release;
		};
/* End XCConfigurationList section */
	};
	rootObject = 84B784942A8A71AC00F58DD7 /* Project object */;
}
